
Microsoft Visual Studio Solution File, Format Version 9.00
# Visual Studio 2005
Project("{FAE04EC0-301F-11D3-BF4B-00C04F79EFBC}") = "nSearch.Main", "nSearch.Main\nSearch.Main.csproj", "{13A3F78C-D034-4B8E-B800-0141D1DA423D}"
EndProject
Project("{FAE04EC0-301F-11D3-BF4B-00C04F79EFBC}") = "nSearch.Index", "nSearch.Index\nSearch.Index.csproj", "{8C208719-CF53-4F38-BDF7-B56D691385F0}"
EndProject
Project("{FAE04EC0-301F-11D3-BF4B-00C04F79EFBC}") = "nSearch.SearchOne", "nSearch.SearchOne\nSearch.SearchOne.csproj", "{50B61E85-52CD-409E-803C-2AFB40767F4D}"
EndProject
Project("{FAE04EC0-301F-11D3-BF4B-00C04F79EFBC}") = "Highlighter.Net", "Highlighter.Net\Highlighter.Net.csproj", "{901D5415-383C-4AA6-A256-879558841BEA}"
EndProject
Project("{FAE04EC0-301F-11D3-BF4B-00C04F79EFBC}") = "Lucene.Net-2.0.0", "Lucene.Net\Lucene.Net-2.0.0.csproj", "{F04CA2F4-E182-46A8-B914-F46AF5319E83}"
EndProject
Project("{FAE04EC0-301F-11D3-BF4B-00C04F79EFBC}") = "XunLong.clsNewNxuEncoding", "XunLong.NewNxuEncoding\XunLong.clsNewNxuEncoding.csproj", "{777D5593-25DD-4C21-8903-62381D88D5CA}"
EndProject
Project("{FAE04EC0-301F-11D3-BF4B-00C04F79EFBC}") = "nSearch.Spider", "nSearch.Spider\nSearch.Spider.csproj", "{ADE7C38F-1B75-47C0-B2B5-F2E35B35F6E3}"
EndProject
Project("{FAE04EC0-301F-11D3-BF4B-00C04F79EFBC}") = "nSearch.UrlMain", "nSearch.UrlMain\nSearch.UrlMain.csproj", "{4C606A6B-5CEB-4823-B2B1-977F62F4ECC2}"
EndProject
Project("{FAE04EC0-301F-11D3-BF4B-00C04F79EFBC}") = "nSearch.FS", "nSearch.FS\nSearch.FS.csproj", "{4147DCDB-1F8F-42AF-851A-CF24BE26C4BF}"
EndProject
Project("{FAE04EC0-301F-11D3-BF4B-00C04F79EFBC}") = "nSearch.DebugShow", "nSearch.DebugShow\nSearch.DebugShow.csproj", "{0735EB52-6323-4438-9887-8B4C2F64FEC2}"
EndProject
Project("{FAE04EC0-301F-11D3-BF4B-00C04F79EFBC}") = "nSearch.TheSame", "nSearch.TheSame\nSearch.TheSame.csproj", "{C8AB3B9F-9035-4288-86C8-48137B083A63}"
EndProject
Project("{FAE04EC0-301F-11D3-BF4B-00C04F79EFBC}") = "nSearch.ModelBuild", "nSearch.ModelBuild\nSearch.ModelBuild.csproj", "{2F1BB939-03F1-41DB-97B6-7F7BC053D17C}"
EndProject
Project("{FAE04EC0-301F-11D3-BF4B-00C04F79EFBC}") = "nSearch.ClassLibraryHTML", "nSearch.ClassLibraryHTML\nSearch.ClassLibraryHTML.csproj", "{9BCE42CC-DF74-440D-A835-F92408B2BE09}"
EndProject
Project("{FAE04EC0-301F-11D3-BF4B-00C04F79EFBC}") = "nSearch.ClassLibraryStruct", "nSearch.ClassLibraryStruct\nSearch.ClassLibraryStruct.csproj", "{81D494BE-7876-4A8A-BD97-EB571F5B2E92}"
EndProject
Project("{FAE04EC0-301F-11D3-BF4B-00C04F79EFBC}") = "TestProjectXL", "TestProjectXL\TestProjectXL.csproj", "{BB29F6CA-73C6-4AD5-A2FD-3588D9C1211D}"
EndProject
Project("{2150E333-8FDC-42A3-9474-1A3956D46DE8}") = "Solution Items", "Solution Items", "{157155A2-5A40-450E-92B3-6B3A3BEAD241}"
	ProjectSection(SolutionItems) = preProject
		localtestrun.testrunconfig = localtestrun.testrunconfig
		nSearch.Main.vsmdi = nSearch.Main.vsmdi
	EndProjectSection
EndProject
Project("{FAE04EC0-301F-11D3-BF4B-00C04F79EFBC}") = "nSearch.Run", "nSearch.Run\nSearch.Run.csproj", "{72D7DDFE-BADD-423F-BFD4-11E414919241}"
EndProject
Project("{FAE04EC0-301F-11D3-BF4B-00C04F79EFBC}") = "nSearch.XWORDEDIT", "nSearch.XWORDEDIT\nSearch.XWORDEDIT.csproj", "{42A5CE0F-9D3C-48D3-B74E-B754E8E6B77A}"
EndProject
Project("{FAE04EC0-301F-11D3-BF4B-00C04F79EFBC}") = "nSearch.Tedit", "nSearch.Tedit\nSearch.Tedit.csproj", "{8A1EDBDD-421C-4908-B2C9-EB57801F08E6}"
EndProject
Project("{FAE04EC0-301F-11D3-BF4B-00C04F79EFBC}") = "nSearch.SUrlEdit", "nSearch.SUrlEdit\nSearch.SUrlEdit.csproj", "{90EE6319-E1C5-43FD-A742-54443B0351D1}"
EndProject
Project("{FAE04EC0-301F-11D3-BF4B-00C04F79EFBC}") = "nSearch.nProperties", "nSearch.nProperties\nSearch.nProperties.csproj", "{E1D0D7CD-A1B6-44CE-BF4A-F139FAFE725D}"
EndProject
Project("{FAE04EC0-301F-11D3-BF4B-00C04F79EFBC}") = "nSearch.ConfigX", "nSearch.ConfigX\nSearch.ConfigX.csproj", "{01C7AFA9-5C4F-4B79-8113-C165431DF22A}"
EndProject
Project("{FAE04EC0-301F-11D3-BF4B-00C04F79EFBC}") = "nSearch.xOcx", "nSearch.xOcx\nSearch.xOcx.csproj", "{F3F92A1D-72C7-404B-A52F-2E02E4C31DE0}"
EndProject
Project("{FAE04EC0-301F-11D3-BF4B-00C04F79EFBC}") = "nSearch.about", "nSearch.about\nSearch.about.csproj", "{E47EE02D-C0F3-43F2-8639-8A99CAF5D0FB}"
EndProject
Project("{8BC9CEB8-8B4A-11D0-8D11-00A0C91BC942}") = "aa_xl_word", "aa_xl_word\aa_xl_word.vcproj", "{FA5B813E-D8C4-40BE-A925-3B8E63858BED}"
EndProject
Global
	GlobalSection(TestCaseManagementSettings) = postSolution
		CategoryFile = nSearch.Main.vsmdi
	EndGlobalSection
	GlobalSection(SolutionConfigurationPlatforms) = preSolution
		Debug|Any CPU = Debug|Any CPU
		Debug|Mixed Platforms = Debug|Mixed Platforms
		Debug|Win32 = Debug|Win32
		Release|Any CPU = Release|Any CPU
		Release|Mixed Platforms = Release|Mixed Platforms
		Release|Win32 = Release|Win32
		WWWW|Any CPU = WWWW|Any CPU
		WWWW|Mixed Platforms = WWWW|Mixed Platforms
		WWWW|Win32 = WWWW|Win32
	EndGlobalSection
	GlobalSection(ProjectConfigurationPlatforms) = postSolution
		{13A3F78C-D034-4B8E-B800-0141D1DA423D}.Debug|Any CPU.ActiveCfg = Debug|Any CPU
		{13A3F78C-D034-4B8E-B800-0141D1DA423D}.Debug|Any CPU.Build.0 = Debug|Any CPU
		{13A3F78C-D034-4B8E-B800-0141D1DA423D}.Debug|Mixed Platforms.ActiveCfg = Debug|Any CPU
		{13A3F78C-D034-4B8E-B800-0141D1DA423D}.Debug|Mixed Platforms.Build.0 = Debug|Any CPU
		{13A3F78C-D034-4B8E-B800-0141D1DA423D}.Debug|Win32.ActiveCfg = Debug|Any CPU
		{13A3F78C-D034-4B8E-B800-0141D1DA423D}.Release|Any CPU.ActiveCfg = Release|Any CPU
		{13A3F78C-D034-4B8E-B800-0141D1DA423D}.Release|Any CPU.Build.0 = Release|Any CPU
		{13A3F78C-D034-4B8E-B800-0141D1DA423D}.Release|Mixed Platforms.ActiveCfg = Release|Any CPU
		{13A3F78C-D034-4B8E-B800-0141D1DA423D}.Release|Mixed Platforms.Build.0 = Release|Any CPU
		{13A3F78C-D034-4B8E-B800-0141D1DA423D}.Release|Win32.ActiveCfg = Release|Any CPU
		{13A3F78C-D034-4B8E-B800-0141D1DA423D}.WWWW|Any CPU.ActiveCfg = Release|Any CPU
		{13A3F78C-D034-4B8E-B800-0141D1DA423D}.WWWW|Any CPU.Build.0 = Release|Any CPU
		{13A3F78C-D034-4B8E-B800-0141D1DA423D}.WWWW|Mixed Platforms.ActiveCfg = Release|Any CPU
		{13A3F78C-D034-4B8E-B800-0141D1DA423D}.WWWW|Mixed Platforms.Build.0 = Release|Any CPU
		{13A3F78C-D034-4B8E-B800-0141D1DA423D}.WWWW|Win32.ActiveCfg = Release|Any CPU
		{8C208719-CF53-4F38-BDF7-B56D691385F0}.Debug|Any CPU.ActiveCfg = Debug|Any CPU
		{8C208719-CF53-4F38-BDF7-B56D691385F0}.Debug|Any CPU.Build.0 = Debug|Any CPU
		{8C208719-CF53-4F38-BDF7-B56D691385F0}.Debug|Mixed Platforms.ActiveCfg = Debug|Any CPU
		{8C208719-CF53-4F38-BDF7-B56D691385F0}.Debug|Mixed Platforms.Build.0 = Debug|Any CPU
		{8C208719-CF53-4F38-BDF7-B56D691385F0}.Debug|Win32.ActiveCfg = Debug|Any CPU
		{8C208719-CF53-4F38-BDF7-B56D691385F0}.Release|Any CPU.ActiveCfg = Release|Any CPU
		{8C208719-CF53-4F38-BDF7-B56D691385F0}.Release|Any CPU.Build.0 = Release|Any CPU
		{8C208719-CF53-4F38-BDF7-B56D691385F0}.Release|Mixed Platforms.ActiveCfg = Release|Any CPU
		{8C208719-CF53-4F38-BDF7-B56D691385F0}.Release|Mixed Platforms.Build.0 = Release|Any CPU
		{8C208719-CF53-4F38-BDF7-B56D691385F0}.Release|Win32.ActiveCfg = Release|Any CPU
		{8C208719-CF53-4F38-BDF7-B56D691385F0}.WWWW|Any CPU.ActiveCfg = Release|Any CPU
		{8C208719-CF53-4F38-BDF7-B56D691385F0}.WWWW|Any CPU.Build.0 = Release|Any CPU
		{8C208719-CF53-4F38-BDF7-B56D691385F0}.WWWW|Mixed Platforms.ActiveCfg = Release|Any CPU
		{8C208719-CF53-4F38-BDF7-B56D691385F0}.WWWW|Mixed Platforms.Build.0 = Release|Any CPU
		{8C208719-CF53-4F38-BDF7-B56D691385F0}.WWWW|Win32.ActiveCfg = Release|Any CPU
		{50B61E85-52CD-409E-803C-2AFB40767F4D}.Debug|Any CPU.ActiveCfg = Debug|Any CPU
		{50B61E85-52CD-409E-803C-2AFB40767F4D}.Debug|Any CPU.Build.0 = Debug|Any CPU
		{50B61E85-52CD-409E-803C-2AFB40767F4D}.Debug|Mixed Platforms.ActiveCfg = Debug|Any CPU
		{50B61E85-52CD-409E-803C-2AFB40767F4D}.Debug|Mixed Platforms.Build.0 = Debug|Any CPU
		{50B61E85-52CD-409E-803C-2AFB40767F4D}.Debug|Win32.ActiveCfg = Debug|Any CPU
		{50B61E85-52CD-409E-803C-2AFB40767F4D}.Release|Any CPU.ActiveCfg = Release|Any CPU
		{50B61E85-52CD-409E-803C-2AFB40767F4D}.Release|Any CPU.Build.0 = Release|Any CPU
		{50B61E85-52CD-409E-803C-2AFB40767F4D}.Release|Mixed Platforms.ActiveCfg = Release|Any CPU
		{50B61E85-52CD-409E-803C-2AFB40767F4D}.Release|Mixed Platforms.Build.0 = Release|Any CPU
		{50B61E85-52CD-409E-803C-2AFB40767F4D}.Release|Win32.ActiveCfg = Release|Any CPU
		{50B61E85-52CD-409E-803C-2AFB40767F4D}.WWWW|Any CPU.ActiveCfg = Release|Any CPU
		{50B61E85-52CD-409E-803C-2AFB40767F4D}.WWWW|Any CPU.Build.0 = Release|Any CPU
		{50B61E85-52CD-409E-803C-2AFB40767F4D}.WWWW|Mixed Platforms.ActiveCfg = Release|Any CPU
		{50B61E85-52CD-409E-803C-2AFB40767F4D}.WWWW|Mixed Platforms.Build.0 = Release|Any CPU
		{50B61E85-52CD-409E-803C-2AFB40767F4D}.WWWW|Win32.ActiveCfg = Release|Any CPU
		{901D5415-383C-4AA6-A256-879558841BEA}.Debug|Any CPU.ActiveCfg = Debug|Any CPU
		{901D5415-383C-4AA6-A256-879558841BEA}.Debug|Any CPU.Build.0 = Debug|Any CPU
		{901D5415-383C-4AA6-A256-879558841BEA}.Debug|Mixed Platforms.ActiveCfg = Debug|Any CPU
		{901D5415-383C-4AA6-A256-879558841BEA}.Debug|Mixed Platforms.Build.0 = Debug|Any CPU
		{901D5415-383C-4AA6-A256-879558841BEA}.Debug|Win32.ActiveCfg = Debug|Any CPU
		{901D5415-383C-4AA6-A256-879558841BEA}.Release|Any CPU.ActiveCfg = Release|Any CPU
		{901D5415-383C-4AA6-A256-879558841BEA}.Release|Any CPU.Build.0 = Release|Any CPU
		{901D5415-383C-4AA6-A256-879558841BEA}.Release|Mixed Platforms.ActiveCfg = Release|Any CPU
		{901D5415-383C-4AA6-A256-879558841BEA}.Release|Mixed Platforms.Build.0 = Release|Any CPU
		{901D5415-383C-4AA6-A256-879558841BEA}.Release|Win32.ActiveCfg = Release|Any CPU
		{901D5415-383C-4AA6-A256-879558841BEA}.WWWW|Any CPU.ActiveCfg = Release|Any CPU
		{901D5415-383C-4AA6-A256-879558841BEA}.WWWW|Any CPU.Build.0 = Release|Any CPU
		{901D5415-383C-4AA6-A256-879558841BEA}.WWWW|Mixed Platforms.ActiveCfg = Release|Any CPU
		{901D5415-383C-4AA6-A256-879558841BEA}.WWWW|Mixed Platforms.Build.0 = Release|Any CPU
		{901D5415-383C-4AA6-A256-879558841BEA}.WWWW|Win32.ActiveCfg = Release|Any CPU
		{F04CA2F4-E182-46A8-B914-F46AF5319E83}.Debug|Any CPU.ActiveCfg = Debug|Any CPU
		{F04CA2F4-E182-46A8-B914-F46AF5319E83}.Debug|Any CPU.Build.0 = Debug|Any CPU
		{F04CA2F4-E182-46A8-B914-F46AF5319E83}.Debug|Mixed Platforms.ActiveCfg = Debug|Any CPU
		{F04CA2F4-E182-46A8-B914-F46AF5319E83}.Debug|Mixed Platforms.Build.0 = Debug|Any CPU
		{F04CA2F4-E182-46A8-B914-F46AF5319E83}.Debug|Win32.ActiveCfg = Debug|Any CPU
		{F04CA2F4-E182-46A8-B914-F46AF5319E83}.Release|Any CPU.ActiveCfg = Release|Any CPU
		{F04CA2F4-E182-46A8-B914-F46AF5319E83}.Release|Any CPU.Build.0 = Release|Any CPU
		{F04CA2F4-E182-46A8-B914-F46AF5319E83}.Release|Mixed Platforms.ActiveCfg = Release|Any CPU
		{F04CA2F4-E182-46A8-B914-F46AF5319E83}.Release|Mixed Platforms.Build.0 = Release|Any CPU
		{F04CA2F4-E182-46A8-B914-F46AF5319E83}.Release|Win32.ActiveCfg = Release|Any CPU
		{F04CA2F4-E182-46A8-B914-F46AF5319E83}.WWWW|Any CPU.ActiveCfg = Release|Any CPU
		{F04CA2F4-E182-46A8-B914-F46AF5319E83}.WWWW|Any CPU.Build.0 = Release|Any CPU
		{F04CA2F4-E182-46A8-B914-F46AF5319E83}.WWWW|Mixed Platforms.ActiveCfg = Release|Any CPU
		{F04CA2F4-E182-46A8-B914-F46AF5319E83}.WWWW|Mixed Platforms.Build.0 = Release|Any CPU
		{F04CA2F4-E182-46A8-B914-F46AF5319E83}.WWWW|Win32.ActiveCfg = Release|Any CPU
		{777D5593-25DD-4C21-8903-62381D88D5CA}.Debug|Any CPU.ActiveCfg = Debug|Any CPU
		{777D5593-25DD-4C21-8903-62381D88D5CA}.Debug|Any CPU.Build.0 = Debug|Any CPU
		{777D5593-25DD-4C21-8903-62381D88D5CA}.Debug|Mixed Platforms.ActiveCfg = Debug|Any CPU
		{777D5593-25DD-4C21-8903-62381D88D5CA}.Debug|Mixed Platforms.Build.0 = Debug|Any CPU
		{777D5593-25DD-4C21-8903-62381D88D5CA}.Debug|Win32.ActiveCfg = Debug|Any CPU
		{777D5593-25DD-4C21-8903-62381D88D5CA}.Release|Any CPU.ActiveCfg = Release|Any CPU
		{777D5593-25DD-4C21-8903-62381D88D5CA}.Release|Any CPU.Build.0 = Release|Any CPU
		{777D5593-25DD-4C21-8903-62381D88D5CA}.Release|Mixed Platforms.ActiveCfg = Release|Any CPU
		{777D5593-25DD-4C21-8903-62381D88D5CA}.Release|Mixed Platforms.Build.0 = Release|Any CPU
		{777D5593-25DD-4C21-8903-62381D88D5CA}.Release|Win32.ActiveCfg = Release|Any CPU
		{777D5593-25DD-4C21-8903-62381D88D5CA}.WWWW|Any CPU.ActiveCfg = WWWW|Any CPU
		{777D5593-25DD-4C21-8903-62381D88D5CA}.WWWW|Any CPU.Build.0 = WWWW|Any CPU
		{777D5593-25DD-4C21-8903-62381D88D5CA}.WWWW|Mixed Platforms.ActiveCfg = WWWW|Any CPU
		{777D5593-25DD-4C21-8903-62381D88D5CA}.WWWW|Mixed Platforms.Build.0 = WWWW|Any CPU
		{777D5593-25DD-4C21-8903-62381D88D5CA}.WWWW|Win32.ActiveCfg = WWWW|Any CPU
		{ADE7C38F-1B75-47C0-B2B5-F2E35B35F6E3}.Debug|Any CPU.ActiveCfg = Debug|Any CPU
		{ADE7C38F-1B75-47C0-B2B5-F2E35B35F6E3}.Debug|Any CPU.Build.0 = Debug|Any CPU
		{ADE7C38F-1B75-47C0-B2B5-F2E35B35F6E3}.Debug|Mixed Platforms.ActiveCfg = Debug|Any CPU
		{ADE7C38F-1B75-47C0-B2B5-F2E35B35F6E3}.Debug|Mixed Platforms.Build.0 = Debug|Any CPU
		{ADE7C38F-1B75-47C0-B2B5-F2E35B35F6E3}.Debug|Win32.ActiveCfg = Debug|Any CPU
		{ADE7C38F-1B75-47C0-B2B5-F2E35B35F6E3}.Release|Any CPU.ActiveCfg = Release|Any CPU
		{ADE7C38F-1B75-47C0-B2B5-F2E35B35F6E3}.Release|Any CPU.Build.0 = Release|Any CPU
		{ADE7C38F-1B75-47C0-B2B5-F2E35B35F6E3}.Release|Mixed Platforms.ActiveCfg = Release|Any CPU
		{ADE7C38F-1B75-47C0-B2B5-F2E35B35F6E3}.Release|Mixed Platforms.Build.0 = Release|Any CPU
		{ADE7C38F-1B75-47C0-B2B5-F2E35B35F6E3}.Release|Win32.ActiveCfg = Release|Any CPU
		{ADE7C38F-1B75-47C0-B2B5-F2E35B35F6E3}.WWWW|Any CPU.ActiveCfg = Release|Any CPU
		{ADE7C38F-1B75-47C0-B2B5-F2E35B35F6E3}.WWWW|Any CPU.Build.0 = Release|Any CPU
		{ADE7C38F-1B75-47C0-B2B5-F2E35B35F6E3}.WWWW|Mixed Platforms.ActiveCfg = Release|Any CPU
		{ADE7C38F-1B75-47C0-B2B5-F2E35B35F6E3}.WWWW|Mixed Platforms.Build.0 = Release|Any CPU
		{ADE7C38F-1B75-47C0-B2B5-F2E35B35F6E3}.WWWW|Win32.ActiveCfg = Release|Any CPU
		{4C606A6B-5CEB-4823-B2B1-977F62F4ECC2}.Debug|Any CPU.ActiveCfg = Debug|Any CPU
		{4C606A6B-5CEB-4823-B2B1-977F62F4ECC2}.Debug|Any CPU.Build.0 = Debug|Any CPU
		{4C606A6B-5CEB-4823-B2B1-977F62F4ECC2}.Debug|Mixed Platforms.ActiveCfg = Debug|Any CPU
		{4C606A6B-5CEB-4823-B2B1-977F62F4ECC2}.Debug|Mixed Platforms.Build.0 = Debug|Any CPU
		{4C606A6B-5CEB-4823-B2B1-977F62F4ECC2}.Debug|Win32.ActiveCfg = Debug|Any CPU
		{4C606A6B-5CEB-4823-B2B1-977F62F4ECC2}.Release|Any CPU.ActiveCfg = Release|Any CPU
		{4C606A6B-5CEB-4823-B2B1-977F62F4ECC2}.Release|Any CPU.Build.0 = Release|Any CPU
		{4C606A6B-5CEB-4823-B2B1-977F62F4ECC2}.Release|Mixed Platforms.ActiveCfg = Release|Any CPU
		{4C606A6B-5CEB-4823-B2B1-977F62F4ECC2}.Release|Mixed Platforms.Build.0 = Release|Any CPU
		{4C606A6B-5CEB-4823-B2B1-977F62F4ECC2}.Release|Win32.ActiveCfg = Release|Any CPU
		{4C606A6B-5CEB-4823-B2B1-977F62F4ECC2}.WWWW|Any CPU.ActiveCfg = Release|Any CPU
		{4C606A6B-5CEB-4823-B2B1-977F62F4ECC2}.WWWW|Any CPU.Build.0 = Release|Any CPU
		{4C606A6B-5CEB-4823-B2B1-977F62F4ECC2}.WWWW|Mixed Platforms.ActiveCfg = Release|Any CPU
		{4C606A6B-5CEB-4823-B2B1-977F62F4ECC2}.WWWW|Mixed Platforms.Build.0 = Release|Any CPU
		{4C606A6B-5CEB-4823-B2B1-977F62F4ECC2}.WWWW|Win32.ActiveCfg = Release|Any CPU
		{4147DCDB-1F8F-42AF-851A-CF24BE26C4BF}.Debug|Any CPU.ActiveCfg = Debug|Any CPU
		{4147DCDB-1F8F-42AF-851A-CF24BE26C4BF}.Debug|Any CPU.Build.0 = Debug|Any CPU
		{4147DCDB-1F8F-42AF-851A-CF24BE26C4BF}.Debug|Mixed Platforms.ActiveCfg = Debug|Any CPU
		{4147DCDB-1F8F-42AF-851A-CF24BE26C4BF}.Debug|Mixed Platforms.Build.0 = Debug|Any CPU
		{4147DCDB-1F8F-42AF-851A-CF24BE26C4BF}.Debug|Win32.ActiveCfg = Debug|Any CPU
		{4147DCDB-1F8F-42AF-851A-CF24BE26C4BF}.Release|Any CPU.ActiveCfg = Release|Any CPU
		{4147DCDB-1F8F-42AF-851A-CF24BE26C4BF}.Release|Any CPU.Build.0 = Release|Any CPU
		{4147DCDB-1F8F-42AF-851A-CF24BE26C4BF}.Release|Mixed Platforms.ActiveCfg = Release|Any CPU
		{4147DCDB-1F8F-42AF-851A-CF24BE26C4BF}.Release|Mixed Platforms.Build.0 = Release|Any CPU
		{4147DCDB-1F8F-42AF-851A-CF24BE26C4BF}.Release|Win32.ActiveCfg = Release|Any CPU
		{4147DCDB-1F8F-42AF-851A-CF24BE26C4BF}.WWWW|Any CPU.ActiveCfg = Release|Any CPU
		{4147DCDB-1F8F-42AF-851A-CF24BE26C4BF}.WWWW|Any CPU.Build.0 = Release|Any CPU
		{4147DCDB-1F8F-42AF-851A-CF24BE26C4BF}.WWWW|Mixed Platforms.ActiveCfg = Release|Any CPU
		{4147DCDB-1F8F-42AF-851A-CF24BE26C4BF}.WWWW|Mixed Platforms.Build.0 = Release|Any CPU
		{4147DCDB-1F8F-42AF-851A-CF24BE26C4BF}.WWWW|Win32.ActiveCfg = Release|Any CPU
		{0735EB52-6323-4438-9887-8B4C2F64FEC2}.Debug|Any CPU.ActiveCfg = Debug|Any CPU
		{0735EB52-6323-4438-9887-8B4C2F64FEC2}.Debug|Any CPU.Build.0 = Debug|Any CPU
		{0735EB52-6323-4438-9887-8B4C2F64FEC2}.Debug|Mixed Platforms.ActiveCfg = Debug|Any CPU
		{0735EB52-6323-4438-9887-8B4C2F64FEC2}.Debug|Mixed Platforms.Build.0 = Debug|Any CPU
		{0735EB52-6323-4438-9887-8B4C2F64FEC2}.Debug|Win32.ActiveCfg = Debug|Any CPU
		{0735EB52-6323-4438-9887-8B4C2F64FEC2}.Release|Any CPU.ActiveCfg = Release|Any CPU
		{0735EB52-6323-4438-9887-8B4C2F64FEC2}.Release|Any CPU.Build.0 = Release|Any CPU
		{0735EB52-6323-4438-9887-8B4C2F64FEC2}.Release|Mixed Platforms.ActiveCfg = Release|Any CPU
		{0735EB52-6323-4438-9887-8B4C2F64FEC2}.Release|Mixed Platforms.Build.0 = Release|Any CPU
		{0735EB52-6323-4438-9887-8B4C2F64FEC2}.Release|Win32.ActiveCfg = Release|Any CPU
		{0735EB52-6323-4438-9887-8B4C2F64FEC2}.WWWW|Any CPU.ActiveCfg = Release|Any CPU
		{0735EB52-6323-4438-9887-8B4C2F64FEC2}.WWWW|Any CPU.Build.0 = Release|Any CPU
		{0735EB52-6323-4438-9887-8B4C2F64FEC2}.WWWW|Mixed Platforms.ActiveCfg = Release|Any CPU
		{0735EB52-6323-4438-9887-8B4C2F64FEC2}.WWWW|Mixed Platforms.Build.0 = Release|Any CPU
		{0735EB52-6323-4438-9887-8B4C2F64FEC2}.WWWW|Win32.ActiveCfg = Release|Any CPU
		{C8AB3B9F-9035-4288-86C8-48137B083A63}.Debug|Any CPU.ActiveCfg = Debug|Any CPU
		{C8AB3B9F-9035-4288-86C8-48137B083A63}.Debug|Any CPU.Build.0 = Debug|Any CPU
		{C8AB3B9F-9035-4288-86C8-48137B083A63}.Debug|Mixed Platforms.ActiveCfg = Debug|Any CPU
		{C8AB3B9F-9035-4288-86C8-48137B083A63}.Debug|Mixed Platforms.Build.0 = Debug|Any CPU
		{C8AB3B9F-9035-4288-86C8-48137B083A63}.Debug|Win32.ActiveCfg = Debug|Any CPU
		{C8AB3B9F-9035-4288-86C8-48137B083A63}.Release|Any CPU.ActiveCfg = Release|Any CPU
		{C8AB3B9F-9035-4288-86C8-48137B083A63}.Release|Any CPU.Build.0 = Release|Any CPU
		{C8AB3B9F-9035-4288-86C8-48137B083A63}.Release|Mixed Platforms.ActiveCfg = Release|Any CPU
		{C8AB3B9F-9035-4288-86C8-48137B083A63}.Release|Mixed Platforms.Build.0 = Release|Any CPU
		{C8AB3B9F-9035-4288-86C8-48137B083A63}.Release|Win32.ActiveCfg = Release|Any CPU
		{C8AB3B9F-9035-4288-86C8-48137B083A63}.WWWW|Any CPU.ActiveCfg = Release|Any CPU
		{C8AB3B9F-9035-4288-86C8-48137B083A63}.WWWW|Any CPU.Build.0 = Release|Any CPU
		{C8AB3B9F-9035-4288-86C8-48137B083A63}.WWWW|Mixed Platforms.ActiveCfg = Release|Any CPU
		{C8AB3B9F-9035-4288-86C8-48137B083A63}.WWWW|Mixed Platforms.Build.0 = Release|Any CPU
		{C8AB3B9F-9035-4288-86C8-48137B083A63}.WWWW|Win32.ActiveCfg = Release|Any CPU
		{2F1BB939-03F1-41DB-97B6-7F7BC053D17C}.Debug|Any CPU.ActiveCfg = Debug|Any CPU
		{2F1BB939-03F1-41DB-97B6-7F7BC053D17C}.Debug|Any CPU.Build.0 = Debug|Any CPU
		{2F1BB939-03F1-41DB-97B6-7F7BC053D17C}.Debug|Mixed Platforms.ActiveCfg = Debug|Any CPU
		{2F1BB939-03F1-41DB-97B6-7F7BC053D17C}.Debug|Mixed Platforms.Build.0 = Debug|Any CPU
		{2F1BB939-03F1-41DB-97B6-7F7BC053D17C}.Debug|Win32.ActiveCfg = Debug|Any CPU
		{2F1BB939-03F1-41DB-97B6-7F7BC053D17C}.Release|Any CPU.ActiveCfg = Release|Any CPU
		{2F1BB939-03F1-41DB-97B6-7F7BC053D17C}.Release|Any CPU.Build.0 = Release|Any CPU
		{2F1BB939-03F1-41DB-97B6-7F7BC053D17C}.Release|Mixed Platforms.ActiveCfg = Release|Any CPU
		{2F1BB939-03F1-41DB-97B6-7F7BC053D17C}.Release|Mixed Platforms.Build.0 = Release|Any CPU
		{2F1BB939-03F1-41DB-97B6-7F7BC053D17C}.Release|Win32.ActiveCfg = Release|Any CPU
		{2F1BB939-03F1-41DB-97B6-7F7BC053D17C}.WWWW|Any CPU.ActiveCfg = Release|Any CPU
		{2F1BB939-03F1-41DB-97B6-7F7BC053D17C}.WWWW|Any CPU.Build.0 = Release|Any CPU
		{2F1BB939-03F1-41DB-97B6-7F7BC053D17C}.WWWW|Mixed Platforms.ActiveCfg = Release|Any CPU
		{2F1BB939-03F1-41DB-97B6-7F7BC053D17C}.WWWW|Mixed Platforms.Build.0 = Release|Any CPU
		{2F1BB939-03F1-41DB-97B6-7F7BC053D17C}.WWWW|Win32.ActiveCfg = Release|Any CPU
		{9BCE42CC-DF74-440D-A835-F92408B2BE09}.Debug|Any CPU.ActiveCfg = Debug|Any CPU
		{9BCE42CC-DF74-440D-A835-F92408B2BE09}.Debug|Any CPU.Build.0 = Debug|Any CPU
		{9BCE42CC-DF74-440D-A835-F92408B2BE09}.Debug|Mixed Platforms.ActiveCfg = Debug|Any CPU
		{9BCE42CC-DF74-440D-A835-F92408B2BE09}.Debug|Mixed Platforms.Build.0 = Debug|Any CPU
		{9BCE42CC-DF74-440D-A835-F92408B2BE09}.Debug|Win32.ActiveCfg = Debug|Any CPU
		{9BCE42CC-DF74-440D-A835-F92408B2BE09}.Release|Any CPU.ActiveCfg = Release|Any CPU
		{9BCE42CC-DF74-440D-A835-F92408B2BE09}.Release|Any CPU.Build.0 = Release|Any CPU
		{9BCE42CC-DF74-440D-A835-F92408B2BE09}.Release|Mixed Platforms.ActiveCfg = Release|Any CPU
		{9BCE42CC-DF74-440D-A835-F92408B2BE09}.Release|Mixed Platforms.Build.0 = Release|Any CPU
		{9BCE42CC-DF74-440D-A835-F92408B2BE09}.Release|Win32.ActiveCfg = Release|Any CPU
		{9BCE42CC-DF74-440D-A835-F92408B2BE09}.WWWW|Any CPU.ActiveCfg = Release|Any CPU
		{9BCE42CC-DF74-440D-A835-F92408B2BE09}.WWWW|Any CPU.Build.0 = Release|Any CPU
		{9BCE42CC-DF74-440D-A835-F92408B2BE09}.WWWW|Mixed Platforms.ActiveCfg = Release|Any CPU
		{9BCE42CC-DF74-440D-A835-F92408B2BE09}.WWWW|Mixed Platforms.Build.0 = Release|Any CPU
		{9BCE42CC-DF74-440D-A835-F92408B2BE09}.WWWW|Win32.ActiveCfg = Release|Any CPU
		{81D494BE-7876-4A8A-BD97-EB571F5B2E92}.Debug|Any CPU.ActiveCfg = Debug|Any CPU
		{81D494BE-7876-4A8A-BD97-EB571F5B2E92}.Debug|Any CPU.Build.0 = Debug|Any CPU
		{81D494BE-7876-4A8A-BD97-EB571F5B2E92}.Debug|Mixed Platforms.ActiveCfg = Debug|Any CPU
		{81D494BE-7876-4A8A-BD97-EB571F5B2E92}.Debug|Mixed Platforms.Build.0 = Debug|Any CPU
		{81D494BE-7876-4A8A-BD97-EB571F5B2E92}.Debug|Win32.ActiveCfg = Debug|Any CPU
		{81D494BE-7876-4A8A-BD97-EB571F5B2E92}.Release|Any CPU.ActiveCfg = Release|Any CPU
		{81D494BE-7876-4A8A-BD97-EB571F5B2E92}.Release|Any CPU.Build.0 = Release|Any CPU
		{81D494BE-7876-4A8A-BD97-EB571F5B2E92}.Release|Mixed Platforms.ActiveCfg = Release|Any CPU
		{81D494BE-7876-4A8A-BD97-EB571F5B2E92}.Release|Mixed Platforms.Build.0 = Release|Any CPU
		{81D494BE-7876-4A8A-BD97-EB571F5B2E92}.Release|Win32.ActiveCfg = Release|Any CPU
		{81D494BE-7876-4A8A-BD97-EB571F5B2E92}.WWWW|Any CPU.ActiveCfg = Release|Any CPU
		{81D494BE-7876-4A8A-BD97-EB571F5B2E92}.WWWW|Any CPU.Build.0 = Release|Any CPU
		{81D494BE-7876-4A8A-BD97-EB571F5B2E92}.WWWW|Mixed Platforms.ActiveCfg = Release|Any CPU
		{81D494BE-7876-4A8A-BD97-EB571F5B2E92}.WWWW|Mixed Platforms.Build.0 = Release|Any CPU
		{81D494BE-7876-4A8A-BD97-EB571F5B2E92}.WWWW|Win32.ActiveCfg = Release|Any CPU
		{BB29F6CA-73C6-4AD5-A2FD-3588D9C1211D}.Debug|Any CPU.ActiveCfg = Debug|Any CPU
		{BB29F6CA-73C6-4AD5-A2FD-3588D9C1211D}.Debug|Any CPU.Build.0 = Debug|Any CPU
		{BB29F6CA-73C6-4AD5-A2FD-3588D9C1211D}.Debug|Mixed Platforms.ActiveCfg = Debug|Any CPU
		{BB29F6CA-73C6-4AD5-A2FD-3588D9C1211D}.Debug|Mixed Platforms.Build.0 = Debug|Any CPU
		{BB29F6CA-73C6-4AD5-A2FD-3588D9C1211D}.Debug|Win32.ActiveCfg = Debug|Any CPU
		{BB29F6CA-73C6-4AD5-A2FD-3588D9C1211D}.Release|Any CPU.ActiveCfg = Release|Any CPU
		{BB29F6CA-73C6-4AD5-A2FD-3588D9C1211D}.Release|Any CPU.Build.0 = Release|Any CPU
		{BB29F6CA-73C6-4AD5-A2FD-3588D9C1211D}.Release|Mixed Platforms.ActiveCfg = Release|Any CPU
		{BB29F6CA-73C6-4AD5-A2FD-3588D9C1211D}.Release|Mixed Platforms.Build.0 = Release|Any CPU
		{BB29F6CA-73C6-4AD5-A2FD-3588D9C1211D}.Release|Win32.ActiveCfg = Release|Any CPU
		{BB29F6CA-73C6-4AD5-A2FD-3588D9C1211D}.WWWW|Any CPU.ActiveCfg = Release|Any CPU
		{BB29F6CA-73C6-4AD5-A2FD-3588D9C1211D}.WWWW|Any CPU.Build.0 = Release|Any CPU
		{BB29F6CA-73C6-4AD5-A2FD-3588D9C1211D}.WWWW|Mixed Platforms.ActiveCfg = Release|Any CPU
		{BB29F6CA-73C6-4AD5-A2FD-3588D9C1211D}.WWWW|Mixed Platforms.Build.0 = Release|Any CPU
		{BB29F6CA-73C6-4AD5-A2FD-3588D9C1211D}.WWWW|Win32.ActiveCfg = Release|Any CPU
		{72D7DDFE-BADD-423F-BFD4-11E414919241}.Debug|Any CPU.ActiveCfg = Debug|Any CPU
		{72D7DDFE-BADD-423F-BFD4-11E414919241}.Debug|Any CPU.Build.0 = Debug|Any CPU
		{72D7DDFE-BADD-423F-BFD4-11E414919241}.Debug|Mixed Platforms.ActiveCfg = Debug|Any CPU
		{72D7DDFE-BADD-423F-BFD4-11E414919241}.Debug|Mixed Platforms.Build.0 = Debug|Any CPU
		{72D7DDFE-BADD-423F-BFD4-11E414919241}.Debug|Win32.ActiveCfg = Debug|Any CPU
		{72D7DDFE-BADD-423F-BFD4-11E414919241}.Release|Any CPU.ActiveCfg = Release|Any CPU
		{72D7DDFE-BADD-423F-BFD4-11E414919241}.Release|Any CPU.Build.0 = Release|Any CPU
		{72D7DDFE-BADD-423F-BFD4-11E414919241}.Release|Mixed Platforms.ActiveCfg = Release|Any CPU
		{72D7DDFE-BADD-423F-BFD4-11E414919241}.Release|Mixed Platforms.Build.0 = Release|Any CPU
		{72D7DDFE-BADD-423F-BFD4-11E414919241}.Release|Win32.ActiveCfg = Release|Any CPU
		{72D7DDFE-BADD-423F-BFD4-11E414919241}.WWWW|Any CPU.ActiveCfg = Release|Any CPU
		{72D7DDFE-BADD-423F-BFD4-11E414919241}.WWWW|Any CPU.Build.0 = Release|Any CPU
		{72D7DDFE-BADD-423F-BFD4-11E414919241}.WWWW|Mixed Platforms.ActiveCfg = Release|Any CPU
		{72D7DDFE-BADD-423F-BFD4-11E414919241}.WWWW|Mixed Platforms.Build.0 = Release|Any CPU
		{72D7DDFE-BADD-423F-BFD4-11E414919241}.WWWW|Win32.ActiveCfg = Release|Any CPU
		{42A5CE0F-9D3C-48D3-B74E-B754E8E6B77A}.Debug|Any CPU.ActiveCfg = Debug|Any CPU
		{42A5CE0F-9D3C-48D3-B74E-B754E8E6B77A}.Debug|Any CPU.Build.0 = Debug|Any CPU
		{42A5CE0F-9D3C-48D3-B74E-B754E8E6B77A}.Debug|Mixed Platforms.ActiveCfg = Debug|Any CPU
		{42A5CE0F-9D3C-48D3-B74E-B754E8E6B77A}.Debug|Mixed Platforms.Build.0 = Debug|Any CPU
		{42A5CE0F-9D3C-48D3-B74E-B754E8E6B77A}.Debug|Win32.ActiveCfg = Debug|Any CPU
		{42A5CE0F-9D3C-48D3-B74E-B754E8E6B77A}.Release|Any CPU.ActiveCfg = Release|Any CPU
		{42A5CE0F-9D3C-48D3-B74E-B754E8E6B77A}.Release|Any CPU.Build.0 = Release|Any CPU
		{42A5CE0F-9D3C-48D3-B74E-B754E8E6B77A}.Release|Mixed Platforms.ActiveCfg = Release|Any CPU
		{42A5CE0F-9D3C-48D3-B74E-B754E8E6B77A}.Release|Mixed Platforms.Build.0 = Release|Any CPU
		{42A5CE0F-9D3C-48D3-B74E-B754E8E6B77A}.Release|Win32.ActiveCfg = Release|Any CPU
		{42A5CE0F-9D3C-48D3-B74E-B754E8E6B77A}.WWWW|Any CPU.ActiveCfg = Release|Any CPU
		{42A5CE0F-9D3C-48D3-B74E-B754E8E6B77A}.WWWW|Any CPU.Build.0 = Release|Any CPU
		{42A5CE0F-9D3C-48D3-B74E-B754E8E6B77A}.WWWW|Mixed Platforms.ActiveCfg = Release|Any CPU
		{42A5CE0F-9D3C-48D3-B74E-B754E8E6B77A}.WWWW|Mixed Platforms.Build.0 = Release|Any CPU
		{42A5CE0F-9D3C-48D3-B74E-B754E8E6B77A}.WWWW|Win32.ActiveCfg = Release|Any CPU
		{8A1EDBDD-421C-4908-B2C9-EB57801F08E6}.Debug|Any CPU.ActiveCfg = Debug|Any CPU
		{8A1EDBDD-421C-4908-B2C9-EB57801F08E6}.Debug|Any CPU.Build.0 = Debug|Any CPU
		{8A1EDBDD-421C-4908-B2C9-EB57801F08E6}.Debug|Mixed Platforms.ActiveCfg = Debug|Any CPU
		{8A1EDBDD-421C-4908-B2C9-EB57801F08E6}.Debug|Mixed Platforms.Build.0 = Debug|Any CPU
		{8A1EDBDD-421C-4908-B2C9-EB57801F08E6}.Debug|Win32.ActiveCfg = Debug|Any CPU
		{8A1EDBDD-421C-4908-B2C9-EB57801F08E6}.Release|Any CPU.ActiveCfg = Release|Any CPU
		{8A1EDBDD-421C-4908-B2C9-EB57801F08E6}.Release|Any CPU.Build.0 = Release|Any CPU
		{8A1EDBDD-421C-4908-B2C9-EB57801F08E6}.Release|Mixed Platforms.ActiveCfg = Release|Any CPU
		{8A1EDBDD-421C-4908-B2C9-EB57801F08E6}.Release|Mixed Platforms.Build.0 = Release|Any CPU
		{8A1EDBDD-421C-4908-B2C9-EB57801F08E6}.Release|Win32.ActiveCfg = Release|Any CPU
		{8A1EDBDD-421C-4908-B2C9-EB57801F08E6}.WWWW|Any CPU.ActiveCfg = Release|Any CPU
		{8A1EDBDD-421C-4908-B2C9-EB57801F08E6}.WWWW|Any CPU.Build.0 = Release|Any CPU
		{8A1EDBDD-421C-4908-B2C9-EB57801F08E6}.WWWW|Mixed Platforms.ActiveCfg = Release|Any CPU
		{8A1EDBDD-421C-4908-B2C9-EB57801F08E6}.WWWW|Mixed Platforms.Build.0 = Release|Any CPU
		{8A1EDBDD-421C-4908-B2C9-EB57801F08E6}.WWWW|Win32.ActiveCfg = Release|Any CPU
		{90EE6319-E1C5-43FD-A742-54443B0351D1}.Debug|Any CPU.ActiveCfg = Debug|Any CPU
		{90EE6319-E1C5-43FD-A742-54443B0351D1}.Debug|Any CPU.Build.0 = Debug|Any CPU
		{90EE6319-E1C5-43FD-A742-54443B0351D1}.Debug|Mixed Platforms.ActiveCfg = Debug|Any CPU
		{90EE6319-E1C5-43FD-A742-54443B0351D1}.Debug|Mixed Platforms.Build.0 = Debug|Any CPU
		{90EE6319-E1C5-43FD-A742-54443B0351D1}.Debug|Win32.ActiveCfg = Debug|Any CPU
		{90EE6319-E1C5-43FD-A742-54443B0351D1}.Release|Any CPU.ActiveCfg = Release|Any CPU
		{90EE6319-E1C5-43FD-A742-54443B0351D1}.Release|Any CPU.Build.0 = Release|Any CPU
		{90EE6319-E1C5-43FD-A742-54443B0351D1}.Release|Mixed Platforms.ActiveCfg = Release|Any CPU
		{90EE6319-E1C5-43FD-A742-54443B0351D1}.Release|Mixed Platforms.Build.0 = Release|Any CPU
		{90EE6319-E1C5-43FD-A742-54443B0351D1}.Release|Win32.ActiveCfg = Release|Any CPU
		{90EE6319-E1C5-43FD-A742-54443B0351D1}.WWWW|Any CPU.ActiveCfg = Release|Any CPU
		{90EE6319-E1C5-43FD-A742-54443B0351D1}.WWWW|Any CPU.Build.0 = Release|Any CPU
		{90EE6319-E1C5-43FD-A742-54443B0351D1}.WWWW|Mixed Platforms.ActiveCfg = Release|Any CPU
		{90EE6319-E1C5-43FD-A742-54443B0351D1}.WWWW|Mixed Platforms.Build.0 = Release|Any CPU
		{90EE6319-E1C5-43FD-A742-54443B0351D1}.WWWW|Win32.ActiveCfg = Release|Any CPU
		{E1D0D7CD-A1B6-44CE-BF4A-F139FAFE725D}.Debug|Any CPU.ActiveCfg = Debug|Any CPU
		{E1D0D7CD-A1B6-44CE-BF4A-F139FAFE725D}.Debug|Any CPU.Build.0 = Debug|Any CPU
		{E1D0D7CD-A1B6-44CE-BF4A-F139FAFE725D}.Debug|Mixed Platforms.ActiveCfg = Debug|Any CPU
		{E1D0D7CD-A1B6-44CE-BF4A-F139FAFE725D}.Debug|Mixed Platforms.Build.0 = Debug|Any CPU
		{E1D0D7CD-A1B6-44CE-BF4A-F139FAFE725D}.Debug|Win32.ActiveCfg = Debug|Any CPU
		{E1D0D7CD-A1B6-44CE-BF4A-F139FAFE725D}.Release|Any CPU.ActiveCfg = Release|Any CPU
		{E1D0D7CD-A1B6-44CE-BF4A-F139FAFE725D}.Release|Any CPU.Build.0 = Release|Any CPU
		{E1D0D7CD-A1B6-44CE-BF4A-F139FAFE725D}.Release|Mixed Platforms.ActiveCfg = Release|Any CPU
		{E1D0D7CD-A1B6-44CE-BF4A-F139FAFE725D}.Release|Mixed Platforms.Build.0 = Release|Any CPU
		{E1D0D7CD-A1B6-44CE-BF4A-F139FAFE725D}.Release|Win32.ActiveCfg = Release|Any CPU
		{E1D0D7CD-A1B6-44CE-BF4A-F139FAFE725D}.WWWW|Any CPU.ActiveCfg = Release|Any CPU
		{E1D0D7CD-A1B6-44CE-BF4A-F139FAFE725D}.WWWW|Any CPU.Build.0 = Release|Any CPU
		{E1D0D7CD-A1B6-44CE-BF4A-F139FAFE725D}.WWWW|Mixed Platforms.ActiveCfg = Release|Any CPU
		{E1D0D7CD-A1B6-44CE-BF4A-F139FAFE725D}.WWWW|Mixed Platforms.Build.0 = Release|Any CPU
		{E1D0D7CD-A1B6-44CE-BF4A-F139FAFE725D}.WWWW|Win32.ActiveCfg = Release|Any CPU
		{01C7AFA9-5C4F-4B79-8113-C165431DF22A}.Debug|Any CPU.ActiveCfg = Debug|Any CPU
		{01C7AFA9-5C4F-4B79-8113-C165431DF22A}.Debug|Any CPU.Build.0 = Debug|Any CPU
		{01C7AFA9-5C4F-4B79-8113-C165431DF22A}.Debug|Mixed Platforms.ActiveCfg = Debug|Any CPU
		{01C7AFA9-5C4F-4B79-8113-C165431DF22A}.Debug|Mixed Platforms.Build.0 = Debug|Any CPU
		{01C7AFA9-5C4F-4B79-8113-C165431DF22A}.Debug|Win32.ActiveCfg = Debug|Any CPU
		{01C7AFA9-5C4F-4B79-8113-C165431DF22A}.Release|Any CPU.ActiveCfg = Release|Any CPU
		{01C7AFA9-5C4F-4B79-8113-C165431DF22A}.Release|Any CPU.Build.0 = Release|Any CPU
		{01C7AFA9-5C4F-4B79-8113-C165431DF22A}.Release|Mixed Platforms.ActiveCfg = Release|Any CPU
		{01C7AFA9-5C4F-4B79-8113-C165431DF22A}.Release|Mixed Platforms.Build.0 = Release|Any CPU
		{01C7AFA9-5C4F-4B79-8113-C165431DF22A}.Release|Win32.ActiveCfg = Release|Any CPU
		{01C7AFA9-5C4F-4B79-8113-C165431DF22A}.WWWW|Any CPU.ActiveCfg = Release|Any CPU
		{01C7AFA9-5C4F-4B79-8113-C165431DF22A}.WWWW|Any CPU.Build.0 = Release|Any CPU
		{01C7AFA9-5C4F-4B79-8113-C165431DF22A}.WWWW|Mixed Platforms.ActiveCfg = Release|Any CPU
		{01C7AFA9-5C4F-4B79-8113-C165431DF22A}.WWWW|Mixed Platforms.Build.0 = Release|Any CPU
		{01C7AFA9-5C4F-4B79-8113-C165431DF22A}.WWWW|Win32.ActiveCfg = Release|Any CPU
		{F3F92A1D-72C7-404B-A52F-2E02E4C31DE0}.Debug|Any CPU.ActiveCfg = Debug|Any CPU
		{F3F92A1D-72C7-404B-A52F-2E02E4C31DE0}.Debug|Any CPU.Build.0 = Debug|Any CPU
		{F3F92A1D-72C7-404B-A52F-2E02E4C31DE0}.Debug|Mixed Platforms.ActiveCfg = Debug|Any CPU
		{F3F92A1D-72C7-404B-A52F-2E02E4C31DE0}.Debug|Mixed Platforms.Build.0 = Debug|Any CPU
		{F3F92A1D-72C7-404B-A52F-2E02E4C31DE0}.Debug|Win32.ActiveCfg = Debug|Any CPU
		{F3F92A1D-72C7-404B-A52F-2E02E4C31DE0}.Release|Any CPU.ActiveCfg = Release|Any CPU
		{F3F92A1D-72C7-404B-A52F-2E02E4C31DE0}.Release|Any CPU.Build.0 = Release|Any CPU
		{F3F92A1D-72C7-404B-A52F-2E02E4C31DE0}.Release|Mixed Platforms.ActiveCfg = Release|Any CPU
		{F3F92A1D-72C7-404B-A52F-2E02E4C31DE0}.Release|Mixed Platforms.Build.0 = Release|Any CPU
		{F3F92A1D-72C7-404B-A52F-2E02E4C31DE0}.Release|Win32.ActiveCfg = Release|Any CPU
		{F3F92A1D-72C7-404B-A52F-2E02E4C31DE0}.WWWW|Any CPU.ActiveCfg = Release|Any CPU
		{F3F92A1D-72C7-404B-A52F-2E02E4C31DE0}.WWWW|Any CPU.Build.0 = Release|Any CPU
		{F3F92A1D-72C7-404B-A52F-2E02E4C31DE0}.WWWW|Mixed Platforms.ActiveCfg = Release|Any CPU
		{F3F92A1D-72C7-404B-A52F-2E02E4C31DE0}.WWWW|Mixed Platforms.Build.0 = Release|Any CPU
		{F3F92A1D-72C7-404B-A52F-2E02E4C31DE0}.WWWW|Win32.ActiveCfg = Release|Any CPU
		{E47EE02D-C0F3-43F2-8639-8A99CAF5D0FB}.Debug|Any CPU.ActiveCfg = Debug|Any CPU
		{E47EE02D-C0F3-43F2-8639-8A99CAF5D0FB}.Debug|Any CPU.Build.0 = Debug|Any CPU
		{E47EE02D-C0F3-43F2-8639-8A99CAF5D0FB}.Debug|Mixed Platforms.ActiveCfg = Debug|Any CPU
		{E47EE02D-C0F3-43F2-8639-8A99CAF5D0FB}.Debug|Mixed Platforms.Build.0 = Debug|Any CPU
		{E47EE02D-C0F3-43F2-8639-8A99CAF5D0FB}.Debug|Win32.ActiveCfg = Debug|Any CPU
		{E47EE02D-C0F3-43F2-8639-8A99CAF5D0FB}.Release|Any CPU.ActiveCfg = Release|Any CPU
		{E47EE02D-C0F3-43F2-8639-8A99CAF5D0FB}.Release|Any CPU.Build.0 = Release|Any CPU
		{E47EE02D-C0F3-43F2-8639-8A99CAF5D0FB}.Release|Mixed Platforms.ActiveCfg = Release|Any CPU
		{E47EE02D-C0F3-43F2-8639-8A99CAF5D0FB}.Release|Mixed Platforms.Build.0 = Release|Any CPU
		{E47EE02D-C0F3-43F2-8639-8A99CAF5D0FB}.Release|Win32.ActiveCfg = Release|Any CPU
		{E47EE02D-C0F3-43F2-8639-8A99CAF5D0FB}.WWWW|Any CPU.ActiveCfg = Release|Any CPU
		{E47EE02D-C0F3-43F2-8639-8A99CAF5D0FB}.WWWW|Any CPU.Build.0 = Release|Any CPU
		{E47EE02D-C0F3-43F2-8639-8A99CAF5D0FB}.WWWW|Mixed Platforms.ActiveCfg = Release|Any CPU
		{E47EE02D-C0F3-43F2-8639-8A99CAF5D0FB}.WWWW|Mixed Platforms.Build.0 = Release|Any CPU
		{E47EE02D-C0F3-43F2-8639-8A99CAF5D0FB}.WWWW|Win32.ActiveCfg = Release|Any CPU
		{FA5B813E-D8C4-40BE-A925-3B8E63858BED}.Debug|Any CPU.ActiveCfg = Debug|Win32
		{FA5B813E-D8C4-40BE-A925-3B8E63858BED}.Debug|Mixed Platforms.ActiveCfg = Debug|Win32
		{FA5B813E-D8C4-40BE-A925-3B8E63858BED}.Debug|Mixed Platforms.Build.0 = Debug|Win32
		{FA5B813E-D8C4-40BE-A925-3B8E63858BED}.Debug|Win32.ActiveCfg = Debug|Win32
		{FA5B813E-D8C4-40BE-A925-3B8E63858BED}.Debug|Win32.Build.0 = Debug|Win32
		{FA5B813E-D8C4-40BE-A925-3B8E63858BED}.Release|Any CPU.ActiveCfg = Release|Win32
		{FA5B813E-D8C4-40BE-A925-3B8E63858BED}.Release|Mixed Platforms.ActiveCfg = Release|Win32
		{FA5B813E-D8C4-40BE-A925-3B8E63858BED}.Release|Mixed Platforms.Build.0 = Release|Win32
		{FA5B813E-D8C4-40BE-A925-3B8E63858BED}.Release|Win32.ActiveCfg = Release|Win32
		{FA5B813E-D8C4-40BE-A925-3B8E63858BED}.Release|Win32.Build.0 = Release|Win32
		{FA5B813E-D8C4-40BE-A925-3B8E63858BED}.WWWW|Any CPU.ActiveCfg = Release|Win32
		{FA5B813E-D8C4-40BE-A925-3B8E63858BED}.WWWW|Mixed Platforms.ActiveCfg = Release|Win32
		{FA5B813E-D8C4-40BE-A925-3B8E63858BED}.WWWW|Mixed Platforms.Build.0 = Release|Win32
		{FA5B813E-D8C4-40BE-A925-3B8E63858BED}.WWWW|Win32.ActiveCfg = Release|Win32
		{FA5B813E-D8C4-40BE-A925-3B8E63858BED}.WWWW|Win32.Build.0 = Release|Win32
	EndGlobalSection
	GlobalSection(SolutionProperties) = preSolution
		HideSolutionNode = FALSE
	EndGlobalSection
EndGlobal
